
Microsoft Visual Studio Solution File, Format Version 12.00
# Visual Studio Version 17
VisualStudioVersion = 17.3.32901.215
MinimumVisualStudioVersion = 10.0.40219.1
Project("{FAE04EC0-301F-11D3-BF4B-00C04F79EFBC}") = "CHK", "CHK\CHK.csproj", "{FD8C6A27-7C32-4F57-84E6-72D31E67D3AF}"
EndProject
Global
	GlobalSection(SolutionConfigurationPlatforms) = preSolution
		Debug|Any CPU = Debug|Any CPU
		Release|Any CPU = Release|Any CPU
	EndGlobalSection
	GlobalSection(ProjectConfigurationPlatforms) = postSolution
		{FD8C6A27-7C32-4F57-84E6-72D31E67D3AF}.Debug|Any CPU.ActiveCfg = Debug|Any CPU
		{FD8C6A27-7C32-4F57-84E6-72D31E67D3AF}.Debug|Any CPU.Build.0 = Debug|Any CPU
		{FD8C6A27-7C32-4F57-84E6-72D31E67D3AF}.Release|Any CPU.ActiveCfg = Release|Any CPU
		{FD8C6A27-7C32-4F57-84E6-72D31E67D3AF}.Release|Any CPU.Build.0 = Release|Any CPU
	EndGlobalSection
	GlobalSection(SolutionProperties) = preSolution
		HideSolutionNode = FALSE
	EndGlobalSection
	GlobalSection(ExtensibilityGlobals) = postSolution
		SolutionGuid = {34CAA1C5-6787-48C7-86E3-AD1A0D076D3C}
	EndGlobalSection
EndGlobal
